
Microsoft Visual Studio Solution File, Format Version 11.00
# Visual Studio 2010
Project("{8BC9CEB8-8B4A-11D0-8D11-00A0C91BC942}") = "Zigbee", "Zigbee\Zigbee.vcxproj", "{428E12C1-A351-4A71-BF75-E887CA17ECCF}"
EndProject
Project("{2150E333-8FDC-42A3-9474-1A3956D46DE8}") = "Solution Items", "Solution Items", "{3ECB8DD9-7F33-415D-893C-42EEF76337B0}"
EndProject
Global
	GlobalSection(SolutionConfigurationPlatforms) = preSolution
		Debug|Win32 = Debug|Win32
		Release|Win32 = Release|Win32
	EndGlobalSection
	GlobalSection(ProjectConfigurationPlatforms) = postSolution
		{428E12C1-A351-4A71-BF75-E887CA17ECCF}.Debug|Win32.ActiveCfg = Debug|Win32
		{428E12C1-A351-4A71-BF75-E887CA17ECCF}.Debug|Win32.Build.0 = Debug|Win32
		{428E12C1-A351-4A71-BF75-E887CA17ECCF}.Release|Win32.ActiveCfg = Release|Win32
		{428E12C1-A351-4A71-BF75-E887CA17ECCF}.Release|Win32.Build.0 = Release|Win32
	EndGlobalSection
	GlobalSection(SolutionProperties) = preSolution
		HideSolutionNode = FALSE
	EndGlobalSection
EndGlobal
